
Microsoft Visual Studio Solution File, Format Version 12.00
# Visual Studio Version 17
VisualStudioVersion = 17.14.36414.22
MinimumVisualStudioVersion = 10.0.40219.1
Project("{FAE04EC0-301F-11D3-BF4B-00C04F79EFBC}") = "BingoApp", "BingoApp\BingoApp\BingoApp.csproj", "{3E25205A-D774-48AE-ACC1-D615A3EDDB76}"
EndProject
Project("{FAE04EC0-301F-11D3-BF4B-00C04F79EFBC}") = "BingoApp.Client", "BingoApp\BingoApp.Client\BingoApp.Client.csproj", "{8EFB3BE7-F787-4356-B4DD-332C99554A33}"
EndProject
Global
	GlobalSection(SolutionConfigurationPlatforms) = preSolution
		Debug|Any CPU = Debug|Any CPU
		Release|Any CPU = Release|Any CPU
	EndGlobalSection
	GlobalSection(ProjectConfigurationPlatforms) = postSolution
		{3E25205A-D774-48AE-ACC1-D615A3EDDB76}.Debug|Any CPU.ActiveCfg = Debug|Any CPU
		{3E25205A-D774-48AE-ACC1-D615A3EDDB76}.Debug|Any CPU.Build.0 = Debug|Any CPU
		{3E25205A-D774-48AE-ACC1-D615A3EDDB76}.Release|Any CPU.ActiveCfg = Release|Any CPU
		{3E25205A-D774-48AE-ACC1-D615A3EDDB76}.Release|Any CPU.Build.0 = Release|Any CPU
		{8EFB3BE7-F787-4356-B4DD-332C99554A33}.Debug|Any CPU.ActiveCfg = Debug|Any CPU
		{8EFB3BE7-F787-4356-B4DD-332C99554A33}.Debug|Any CPU.Build.0 = Debug|Any CPU
		{8EFB3BE7-F787-4356-B4DD-332C99554A33}.Release|Any CPU.ActiveCfg = Release|Any CPU
		{8EFB3BE7-F787-4356-B4DD-332C99554A33}.Release|Any CPU.Build.0 = Release|Any CPU
	EndGlobalSection
	GlobalSection(SolutionProperties) = preSolution
		HideSolutionNode = FALSE
	EndGlobalSection
	GlobalSection(ExtensibilityGlobals) = postSolution
		SolutionGuid = {A7283D4C-14D2-4A62-BB5E-C9CC714D5AE2}
	EndGlobalSection
EndGlobal
